{
  "name": "template-kronos-app",
  "lockfileVersion": 3,
  "requires": true,
  "packages": {
    "": {
      "cpu": [
        "arm",
        "arm64",
        "x64"
      ],
      "os": [
        "linux",
        "darwin"
      ],
      "bin": {
        "{{name}}": "src/{{name}}-cli.mjs"
      },
      "optionalDependencies": {
        "@kronos-integration/service-systemd": "^4.0.0",
        "mf-hosting": "^2.9.3"
      }
    },
    "node_modules/@kronos-integration/endpoint": {
      "version": "11.0.0",
      "resolved": "https://registry.npmjs.org/@kronos-integration/endpoint/-/endpoint-11.0.0.tgz",
      "integrity": "sha512-3Fh+5VkvVHzgvaaZOJMKSbhL/LAaNpjvFExpbBXuNcKjHASFZlUE1PredAE98xvFtjIt4msX/Ix2+WhiK2qZFA==",
      "license": "BSD-2-Clause",
      "optional": true,
      "dependencies": {
        "@kronos-integration/interceptor": "^13.0.0"
      },
      "engines": {
        "node": ">=24.10.0"
      }
    },
    "node_modules/@kronos-integration/interceptor": {
      "version": "13.0.0",
      "resolved": "https://registry.npmjs.org/@kronos-integration/interceptor/-/interceptor-13.0.0.tgz",
      "integrity": "sha512-+vRAlYp4TKqDmVsvixuTZexcLx6jPdAz3AgelFKorR2ihSACBfDU4CScBxs9TtZ/dJbX5lhLZilbo1UAY2ozaA==",
      "license": "BSD-2-Clause",
      "optional": true,
      "dependencies": {
        "pacc": "^4.41.0"
      },
      "engines": {
        "node": ">=24.10.0"
      }
    },
    "node_modules/@kronos-integration/service": {
      "version": "14.0.0",
      "resolved": "https://registry.npmjs.org/@kronos-integration/service/-/service-14.0.0.tgz",
      "integrity": "sha512-bk3vGZGRseDczsSfqq1VtljjEDFb8FI/6n/qwi45yIllcllgXk3rvMnRz9iej1kLlYYX0h7DFzWDmMWki07kOA==",
      "license": "BSD-2-Clause",
      "optional": true,
      "dependencies": {
        "@kronos-integration/endpoint": "^11.0.0",
        "@kronos-integration/interceptor": "^13.0.0",
        "loglevel-mixin": "^7.2.5",
        "pacc": "^4.41.0",
        "statetransition-mixin": "^8.1.3"
      },
      "engines": {
        "node": ">=24.10.0"
      }
    },
    "node_modules/@kronos-integration/service-systemd": {
      "version": "4.0.0",
      "resolved": "https://registry.npmjs.org/@kronos-integration/service-systemd/-/service-systemd-4.0.0.tgz",
      "integrity": "sha512-8wo4/1ig3fKLL9ieyUFg0Nk4JcgS/Gk1rEJbwLDtgQPzO324sQxKbKnk20yq5bzZlPm9MFdYqdLrTEnYod+S2w==",
      "license": "BSD-2-Clause",
      "optional": true,
      "os": [
        "linux"
      ],
      "dependencies": {
        "@kronos-integration/service": "^14.0.0",
        "config-expander": "^14.0.9"
      },
      "engines": {
        "node": ">=24.10.0"
      }
    },
    "node_modules/config-expander": {
      "version": "14.0.9",
      "resolved": "https://registry.npmjs.org/config-expander/-/config-expander-14.0.9.tgz",
      "integrity": "sha512-4xaxnA9QkDfkcHcC3VPjIINsRrWdc1k9lFQeHpnl06hRSHNeFCvd/R3qR++I3OcVKS+gjPJhybI1pX/9JIjSrQ==",
      "license": "BSD-2-Clause",
      "optional": true,
      "dependencies": {
        "expression-expander": "^7.2.5",
        "pratt-parser": "^10.0.2"
      },
      "engines": {
        "node": ">=20.12.2"
      }
    },
    "node_modules/expression-expander": {
      "version": "7.2.7",
      "resolved": "https://registry.npmjs.org/expression-expander/-/expression-expander-7.2.7.tgz",
      "integrity": "sha512-Bf436gwqpix0KlkNIPSI0BPxWuejFQFUypkTPTImumGRdpn7Zs7/fjwVYzE9wYcZXjTr/5B1lRsosSps4Px2SQ==",
      "license": "0BSD",
      "optional": true
    },
    "node_modules/loglevel-mixin": {
      "version": "7.2.5",
      "resolved": "https://registry.npmjs.org/loglevel-mixin/-/loglevel-mixin-7.2.5.tgz",
      "integrity": "sha512-nV37EBKrnyUnkIKfUMN4V2M4zYmJ5t1N5apYuFO8adl1Rwt4cUOjx4FmkhpFiGqi9hikrAnGKCHxu/2UmmqzMg==",
      "license": "0BSD",
      "optional": true,
      "engines": {
        "node": ">=22.15.0"
      }
    },
    "node_modules/mf-hosting": {
      "version": "2.9.4",
      "resolved": "https://registry.npmjs.org/mf-hosting/-/mf-hosting-2.9.4.tgz",
      "integrity": "sha512-3F8xCGMWniVzW21exw037yWpyazUo9CZ6XqffGuoPQbhTsLzeQ7XFsVQGdW6Dj1yWCZHMyQkLlnx8hraauCNWQ==",
      "optional": true
    },
    "node_modules/pacc": {
      "version": "4.41.1",
      "resolved": "https://registry.npmjs.org/pacc/-/pacc-4.41.1.tgz",
      "integrity": "sha512-ncJjW9IspE6EjVD+sGu0HJquX0fpnOlSUu9tftA+B86NvN3OBPZn/dziWYSkKliWLYcr71KFcGPAgKauUey8iA==",
      "license": "0BSD",
      "optional": true,
      "engines": {
        "node": ">=24.11.0"
      }
    },
    "node_modules/pratt-parser": {
      "version": "10.0.2",
      "resolved": "https://registry.npmjs.org/pratt-parser/-/pratt-parser-10.0.2.tgz",
      "integrity": "sha512-bLD4HNCRCZOyOhNFxpBjS1t2HGS/hy4mSWsdAGlREyhhaMUr0CxFvrgfSI64cmtxhjuwZfrr4CcvJRmWKism8w==",
      "license": "BSD-2-Clause",
      "optional": true,
      "engines": {
        "node": ">=20.12.2"
      }
    },
    "node_modules/statetransition-mixin": {
      "version": "8.1.3",
      "resolved": "https://registry.npmjs.org/statetransition-mixin/-/statetransition-mixin-8.1.3.tgz",
      "integrity": "sha512-X67ltIjyxwNt81oR5ksPbBC8+oGEQni93jXCrMTza/OS3QNTl+NTWD5BEoRPRFNP58RC5qZahVLwHXj87VoNRw==",
      "license": "0BSD",
      "optional": true,
      "engines": {
        "node": ">=22.15.0"
      }
    }
  }
}
