{
  "name": "template-kronos-app",
  "lockfileVersion": 2,
  "requires": true,
  "packages": {
    "": {
      "cpu": [
        "arm",
        "arm64",
        "x64"
      ],
      "os": [
        "linux"
      ],
      "dependencies": {
        "@kronos-integration/service": "^10.4.24"
      },
      "bin": {
        "{{name}}": "src/{{name}}-cli.mjs"
      },
      "engines": {
        "node": ">={{node_version}}"
      },
      "optionalDependencies": {
        "@kronos-integration/service-systemd": "^2.5.5",
        "mf-hosting": "^1.7.0"
      }
    },
    "node_modules/@kronos-integration/endpoint": {
      "version": "9.4.30",
      "resolved": "https://registry.npmjs.org/@kronos-integration/endpoint/-/endpoint-9.4.30.tgz",
      "integrity": "sha512-uGdovUmAops0gyYn6bedmQcv4GutqV40cPYdZSGd0jGW4nHWEvjrCIaE9AQVbeaEMsI4vuGno8B6J/Li9Zev4w==",
      "dependencies": {
        "@kronos-integration/interceptor": "^10.2.23"
      },
      "engines": {
        "node": ">=16.15.0"
      }
    },
    "node_modules/@kronos-integration/interceptor": {
      "version": "10.2.23",
      "resolved": "https://registry.npmjs.org/@kronos-integration/interceptor/-/interceptor-10.2.23.tgz",
      "integrity": "sha512-hwgL6tWiKdc56RmsryrtytiTSgnz6cwxitgxDQg5BJ0QgTUUG7Kew2KpHawiX/R3msn2P6YRYiGPd+F0IYZ8wA==",
      "dependencies": {
        "model-attributes": "^4.1.16"
      },
      "engines": {
        "node": ">=16.15.0"
      }
    },
    "node_modules/@kronos-integration/service": {
      "version": "10.4.24",
      "resolved": "https://registry.npmjs.org/@kronos-integration/service/-/service-10.4.24.tgz",
      "integrity": "sha512-9AoDBQZFNAigzP00Q5ybdsEIyTDHd4qJWvrsew9lzbzlaADn7GPjTfO6l+atCpY7LUr2bY3oAi3qOn11/nN1cQ==",
      "dependencies": {
        "@kronos-integration/endpoint": "^9.4.30",
        "@kronos-integration/interceptor": "^10.2.23",
        "loglevel-mixin": "^6.1.3",
        "model-attributes": "^4.1.17",
        "remove-sensible-values": "^1.0.15",
        "statetransition-mixin": "^7.0.5"
      },
      "engines": {
        "node": ">=16.15.0"
      }
    },
    "node_modules/@kronos-integration/service-systemd": {
      "version": "2.5.5",
      "resolved": "https://registry.npmjs.org/@kronos-integration/service-systemd/-/service-systemd-2.5.5.tgz",
      "integrity": "sha512-fYlyw5y+ldvlY+FIHZ43pCWxolyFX7tbrIQPqWkqUeRmtVhXoMXngEyUKtXPb6keV6uQoeVsU+KgQ0yB4mrQuw==",
      "optional": true,
      "os": [
        "linux"
      ],
      "dependencies": {
        "@kronos-integration/service": "^10.4.24",
        "config-expander": "^12.0.12"
      },
      "engines": {
        "node": ">=18.3.0"
      }
    },
    "node_modules/config-expander": {
      "version": "12.0.12",
      "resolved": "https://registry.npmjs.org/config-expander/-/config-expander-12.0.12.tgz",
      "integrity": "sha512-I1OOiGTYbvJ+9U6TDiZ1sbTtydvVMZdoITTsGRuuItLRBV5yvlGZ7c+JqZknYCJ319CJb6bsvJ8LStnbTWlwOw==",
      "optional": true,
      "dependencies": {
        "expression-expander": "^7.0.15",
        "pratt-parser": "^8.0.18"
      },
      "engines": {
        "node": ">=14.19.0"
      }
    },
    "node_modules/expression-expander": {
      "version": "7.0.18",
      "resolved": "https://registry.npmjs.org/expression-expander/-/expression-expander-7.0.18.tgz",
      "integrity": "sha512-XcUvo3ElbC5iqTFOW3rN1TRU9k6xmzSJYm0A+alXqkEH83zxL9+fBYWltBF3UOBrdRx3QlSoZRgjGZ1by/T3rQ==",
      "optional": true
    },
    "node_modules/loglevel-mixin": {
      "version": "6.1.3",
      "resolved": "https://registry.npmjs.org/loglevel-mixin/-/loglevel-mixin-6.1.3.tgz",
      "integrity": "sha512-6ckngvvSkmURjTGThvRPH2cJW6oEQI8ID/tPCGXvEm/G87rwssbR5RD5gZSU7jpf3k8DbcIEqn6k8w47M76oPg==",
      "engines": {
        "node": ">=14.19.1"
      }
    },
    "node_modules/mf-hosting": {
      "version": "1.7.0",
      "resolved": "https://registry.npmjs.org/mf-hosting/-/mf-hosting-1.7.0.tgz",
      "integrity": "sha512-sPo5FcR61Ya/aSI42qxiQ2pZyNsnHOq+JUIddr6BmNhEDNZqB/9+08dpXB+/xsTw++bWcPpQU8yu2kly5S57OQ==",
      "optional": true
    },
    "node_modules/model-attributes": {
      "version": "4.1.17",
      "resolved": "https://registry.npmjs.org/model-attributes/-/model-attributes-4.1.17.tgz",
      "integrity": "sha512-2cquc/6GHqcK9tvoBtpQ7V5VtTw0N9UTAObYqTO8mJImhz2GMPLn1JRdVxf9n3U/mIPGABcbZPA5IThMlyfrPQ==",
      "engines": {
        "node": ">=14.19.1"
      }
    },
    "node_modules/pratt-parser": {
      "version": "8.0.20",
      "resolved": "https://registry.npmjs.org/pratt-parser/-/pratt-parser-8.0.20.tgz",
      "integrity": "sha512-KkwlhuJM24STBuLSO8AG7HdfMrrYXVsXl1zWbohHq/ICKWMvA/PO2Bh1cRxEYCk/imCbiul3vs89+e9f0hHp+g==",
      "optional": true,
      "engines": {
        "node": ">=14.19.1"
      }
    },
    "node_modules/remove-sensible-values": {
      "version": "1.0.15",
      "resolved": "https://registry.npmjs.org/remove-sensible-values/-/remove-sensible-values-1.0.15.tgz",
      "integrity": "sha512-e+Q+Yxn3yMeEDxIRPACVxJmGvLWdmnrn+PzighDgt96U5NToYzhbrBnI8K4Jh6LfwbBS9++d2ySabWVgzVl3gQ==",
      "engines": {
        "node": ">=14.18.3"
      }
    },
    "node_modules/statetransition-mixin": {
      "version": "7.0.5",
      "resolved": "https://registry.npmjs.org/statetransition-mixin/-/statetransition-mixin-7.0.5.tgz",
      "integrity": "sha512-m0bQQSrcH+h9bVfhmdE75Mcla8rCNBU/TBrOjhcbxqb0qPQtWiineiRAu2Lck6VVIVZTjIDv49GeQcEdJ+l+XA==",
      "engines": {
        "node": ">=16.15.0"
      }
    }
  },
  "dependencies": {
    "@kronos-integration/endpoint": {
      "version": "9.4.30",
      "resolved": "https://registry.npmjs.org/@kronos-integration/endpoint/-/endpoint-9.4.30.tgz",
      "integrity": "sha512-uGdovUmAops0gyYn6bedmQcv4GutqV40cPYdZSGd0jGW4nHWEvjrCIaE9AQVbeaEMsI4vuGno8B6J/Li9Zev4w==",
      "requires": {
        "@kronos-integration/interceptor": "^10.2.23"
      }
    },
    "@kronos-integration/interceptor": {
      "version": "10.2.23",
      "resolved": "https://registry.npmjs.org/@kronos-integration/interceptor/-/interceptor-10.2.23.tgz",
      "integrity": "sha512-hwgL6tWiKdc56RmsryrtytiTSgnz6cwxitgxDQg5BJ0QgTUUG7Kew2KpHawiX/R3msn2P6YRYiGPd+F0IYZ8wA==",
      "requires": {
        "model-attributes": "^4.1.16"
      }
    },
    "@kronos-integration/service": {
      "version": "10.4.24",
      "resolved": "https://registry.npmjs.org/@kronos-integration/service/-/service-10.4.24.tgz",
      "integrity": "sha512-9AoDBQZFNAigzP00Q5ybdsEIyTDHd4qJWvrsew9lzbzlaADn7GPjTfO6l+atCpY7LUr2bY3oAi3qOn11/nN1cQ==",
      "requires": {
        "@kronos-integration/endpoint": "^9.4.30",
        "@kronos-integration/interceptor": "^10.2.23",
        "loglevel-mixin": "^6.1.3",
        "model-attributes": "^4.1.17",
        "remove-sensible-values": "^1.0.15",
        "statetransition-mixin": "^7.0.5"
      }
    },
    "@kronos-integration/service-systemd": {
      "version": "2.5.5",
      "resolved": "https://registry.npmjs.org/@kronos-integration/service-systemd/-/service-systemd-2.5.5.tgz",
      "integrity": "sha512-fYlyw5y+ldvlY+FIHZ43pCWxolyFX7tbrIQPqWkqUeRmtVhXoMXngEyUKtXPb6keV6uQoeVsU+KgQ0yB4mrQuw==",
      "optional": true,
      "requires": {
        "@kronos-integration/service": "^10.4.24",
        "config-expander": "^12.0.12"
      }
    },
    "config-expander": {
      "version": "12.0.12",
      "resolved": "https://registry.npmjs.org/config-expander/-/config-expander-12.0.12.tgz",
      "integrity": "sha512-I1OOiGTYbvJ+9U6TDiZ1sbTtydvVMZdoITTsGRuuItLRBV5yvlGZ7c+JqZknYCJ319CJb6bsvJ8LStnbTWlwOw==",
      "optional": true,
      "requires": {
        "expression-expander": "^7.0.15",
        "pratt-parser": "^8.0.18"
      }
    },
    "expression-expander": {
      "version": "7.0.18",
      "resolved": "https://registry.npmjs.org/expression-expander/-/expression-expander-7.0.18.tgz",
      "integrity": "sha512-XcUvo3ElbC5iqTFOW3rN1TRU9k6xmzSJYm0A+alXqkEH83zxL9+fBYWltBF3UOBrdRx3QlSoZRgjGZ1by/T3rQ==",
      "optional": true
    },
    "loglevel-mixin": {
      "version": "6.1.3",
      "resolved": "https://registry.npmjs.org/loglevel-mixin/-/loglevel-mixin-6.1.3.tgz",
      "integrity": "sha512-6ckngvvSkmURjTGThvRPH2cJW6oEQI8ID/tPCGXvEm/G87rwssbR5RD5gZSU7jpf3k8DbcIEqn6k8w47M76oPg=="
    },
    "mf-hosting": {
      "version": "1.7.0",
      "resolved": "https://registry.npmjs.org/mf-hosting/-/mf-hosting-1.7.0.tgz",
      "integrity": "sha512-sPo5FcR61Ya/aSI42qxiQ2pZyNsnHOq+JUIddr6BmNhEDNZqB/9+08dpXB+/xsTw++bWcPpQU8yu2kly5S57OQ==",
      "optional": true
    },
    "model-attributes": {
      "version": "4.1.17",
      "resolved": "https://registry.npmjs.org/model-attributes/-/model-attributes-4.1.17.tgz",
      "integrity": "sha512-2cquc/6GHqcK9tvoBtpQ7V5VtTw0N9UTAObYqTO8mJImhz2GMPLn1JRdVxf9n3U/mIPGABcbZPA5IThMlyfrPQ=="
    },
    "pratt-parser": {
      "version": "8.0.20",
      "resolved": "https://registry.npmjs.org/pratt-parser/-/pratt-parser-8.0.20.tgz",
      "integrity": "sha512-KkwlhuJM24STBuLSO8AG7HdfMrrYXVsXl1zWbohHq/ICKWMvA/PO2Bh1cRxEYCk/imCbiul3vs89+e9f0hHp+g==",
      "optional": true
    },
    "remove-sensible-values": {
      "version": "1.0.15",
      "resolved": "https://registry.npmjs.org/remove-sensible-values/-/remove-sensible-values-1.0.15.tgz",
      "integrity": "sha512-e+Q+Yxn3yMeEDxIRPACVxJmGvLWdmnrn+PzighDgt96U5NToYzhbrBnI8K4Jh6LfwbBS9++d2ySabWVgzVl3gQ=="
    },
    "statetransition-mixin": {
      "version": "7.0.5",
      "resolved": "https://registry.npmjs.org/statetransition-mixin/-/statetransition-mixin-7.0.5.tgz",
      "integrity": "sha512-m0bQQSrcH+h9bVfhmdE75Mcla8rCNBU/TBrOjhcbxqb0qPQtWiineiRAu2Lck6VVIVZTjIDv49GeQcEdJ+l+XA=="
    }
  }
}
